
Microsoft Visual Studio Solution File, Format Version 12.00
# Visual Studio Version 16
VisualStudioVersion = 16.0.30413.136
MinimumVisualStudioVersion = 10.0.40219.1
Project("{FAE04EC0-301F-11D3-BF4B-00C04F79EFBC}") = "ProjectMVC", "ProjectMVC.csproj", "{449B845E-98C0-40B8-BEFA-347CC7A8C597}"
EndProject
Global
	GlobalSection(SolutionConfigurationPlatforms) = preSolution
		Debug|Any CPU = Debug|Any CPU
		Release|Any CPU = Release|Any CPU
	EndGlobalSection
	GlobalSection(ProjectConfigurationPlatforms) = postSolution
		{449B845E-98C0-40B8-BEFA-347CC7A8C597}.Debug|Any CPU.ActiveCfg = Debug|Any CPU
		{449B845E-98C0-40B8-BEFA-347CC7A8C597}.Debug|Any CPU.Build.0 = Debug|Any CPU
		{449B845E-98C0-40B8-BEFA-347CC7A8C597}.Release|Any CPU.ActiveCfg = Release|Any CPU
		{449B845E-98C0-40B8-BEFA-347CC7A8C597}.Release|Any CPU.Build.0 = Release|Any CPU
	EndGlobalSection
	GlobalSection(SolutionProperties) = preSolution
		HideSolutionNode = FALSE
	EndGlobalSection
	GlobalSection(ExtensibilityGlobals) = postSolution
		SolutionGuid = {8EC9FFF8-92E6-421E-BFD9-971616BEAC1D}
	EndGlobalSection
EndGlobal
